
Microsoft Visual Studio Solution File, Format Version 12.00
# Visual Studio Version 17
VisualStudioVersion = 17.4.33213.308
MinimumVisualStudioVersion = 10.0.40219.1
Project("{8BC9CEB8-8B4A-11D0-8D11-00A0C91BC942}") = "GraphicalUserInterface", "GraphicalUserInterface\GraphicalUserInterface.vcxproj", "{5AD0FAA9-6845-4470-B233-AA0DB454A98A}"
EndProject
Global
	GlobalSection(SolutionConfigurationPlatforms) = preSolution
		Debug|x64 = Debug|x64
		Release|x64 = Release|x64
	EndGlobalSection
	GlobalSection(ProjectConfigurationPlatforms) = postSolution
		{5AD0FAA9-6845-4470-B233-AA0DB454A98A}.Debug|x64.ActiveCfg = Debug|x64
		{5AD0FAA9-6845-4470-B233-AA0DB454A98A}.Debug|x64.Build.0 = Debug|x64
		{5AD0FAA9-6845-4470-B233-AA0DB454A98A}.Release|x64.ActiveCfg = Release|x64
		{5AD0FAA9-6845-4470-B233-AA0DB454A98A}.Release|x64.Build.0 = Release|x64
	EndGlobalSection
	GlobalSection(SolutionProperties) = preSolution
		HideSolutionNode = FALSE
	EndGlobalSection
	GlobalSection(ExtensibilityGlobals) = postSolution
		SolutionGuid = {D58FCC49-CCB0-48EF-8697-AF3C30E173C8}
	EndGlobalSection
EndGlobal
