
Microsoft Visual Studio Solution File, Format Version 12.00
# Visual Studio Version 17
VisualStudioVersion = 17.6.33801.468
MinimumVisualStudioVersion = 10.0.40219.1
Project("{8BC9CEB8-8B4A-11D0-8D11-00A0C91BC942}") = "MicrosoftVisualStudio", "MicrosoftVisualStudio\MicrosoftVisualStudio.vcxproj", "{5C4B8B5F-0BC0-4254-8848-F70B651644F5}"
EndProject
Project("{8BC9CEB8-8B4A-11D0-8D11-00A0C91BC942}") = "Distance", "Distance\Distance.vcxproj", "{4F75B9BB-1573-48D6-9D03-EA4761FE6AC1}"
EndProject
Project("{8BC9CEB8-8B4A-11D0-8D11-00A0C91BC942}") = "ElevationCSVtoTSV", "ElevationCSVtoTSV\ElevationCSVtoTSV.vcxproj", "{521F80AC-5CDB-4C69-BA70-2E5D5B8C99C0}"
EndProject
Project("{8BC9CEB8-8B4A-11D0-8D11-00A0C91BC942}") = "ImageToData", "ImageToData\ImageToData.vcxproj", "{766EBEB3-9A37-49C8-8973-8A225F11DE38}"
EndProject
Project("{8BC9CEB8-8B4A-11D0-8D11-00A0C91BC942}") = "KanaAndRomajiConversion", "KanaAndRomajiConversion\KanaAndRomajiConversion.vcxproj", "{C70356C4-A3A0-4BEE-B36B-DC6E20ADE167}"
EndProject
Project("{8BC9CEB8-8B4A-11D0-8D11-00A0C91BC942}") = "XYZTilesTSVtoBinary", "XYZTilesTSVtoBinary\XYZTilesTSVtoBinary.vcxproj", "{C0DA8BDA-4EAE-456A-AC5D-4FD9CA30DDA7}"
EndProject
Global
	GlobalSection(SolutionConfigurationPlatforms) = preSolution
		Debug|x64 = Debug|x64
		Debug|x86 = Debug|x86
		Release|x64 = Release|x64
		Release|x86 = Release|x86
	EndGlobalSection
	GlobalSection(ProjectConfigurationPlatforms) = postSolution
		{5C4B8B5F-0BC0-4254-8848-F70B651644F5}.Debug|x64.ActiveCfg = Debug|x64
		{5C4B8B5F-0BC0-4254-8848-F70B651644F5}.Debug|x64.Build.0 = Debug|x64
		{5C4B8B5F-0BC0-4254-8848-F70B651644F5}.Debug|x86.ActiveCfg = Debug|Win32
		{5C4B8B5F-0BC0-4254-8848-F70B651644F5}.Debug|x86.Build.0 = Debug|Win32
		{5C4B8B5F-0BC0-4254-8848-F70B651644F5}.Release|x64.ActiveCfg = Release|x64
		{5C4B8B5F-0BC0-4254-8848-F70B651644F5}.Release|x64.Build.0 = Release|x64
		{5C4B8B5F-0BC0-4254-8848-F70B651644F5}.Release|x86.ActiveCfg = Release|Win32
		{5C4B8B5F-0BC0-4254-8848-F70B651644F5}.Release|x86.Build.0 = Release|Win32
		{4F75B9BB-1573-48D6-9D03-EA4761FE6AC1}.Debug|x64.ActiveCfg = Debug|x64
		{4F75B9BB-1573-48D6-9D03-EA4761FE6AC1}.Debug|x64.Build.0 = Debug|x64
		{4F75B9BB-1573-48D6-9D03-EA4761FE6AC1}.Debug|x86.ActiveCfg = Debug|Win32
		{4F75B9BB-1573-48D6-9D03-EA4761FE6AC1}.Debug|x86.Build.0 = Debug|Win32
		{4F75B9BB-1573-48D6-9D03-EA4761FE6AC1}.Release|x64.ActiveCfg = Release|x64
		{4F75B9BB-1573-48D6-9D03-EA4761FE6AC1}.Release|x64.Build.0 = Release|x64
		{4F75B9BB-1573-48D6-9D03-EA4761FE6AC1}.Release|x86.ActiveCfg = Release|Win32
		{4F75B9BB-1573-48D6-9D03-EA4761FE6AC1}.Release|x86.Build.0 = Release|Win32
		{521F80AC-5CDB-4C69-BA70-2E5D5B8C99C0}.Debug|x64.ActiveCfg = Debug|x64
		{521F80AC-5CDB-4C69-BA70-2E5D5B8C99C0}.Debug|x64.Build.0 = Debug|x64
		{521F80AC-5CDB-4C69-BA70-2E5D5B8C99C0}.Debug|x86.ActiveCfg = Debug|Win32
		{521F80AC-5CDB-4C69-BA70-2E5D5B8C99C0}.Debug|x86.Build.0 = Debug|Win32
		{521F80AC-5CDB-4C69-BA70-2E5D5B8C99C0}.Release|x64.ActiveCfg = Release|x64
		{521F80AC-5CDB-4C69-BA70-2E5D5B8C99C0}.Release|x64.Build.0 = Release|x64
		{521F80AC-5CDB-4C69-BA70-2E5D5B8C99C0}.Release|x86.ActiveCfg = Release|Win32
		{521F80AC-5CDB-4C69-BA70-2E5D5B8C99C0}.Release|x86.Build.0 = Release|Win32
		{766EBEB3-9A37-49C8-8973-8A225F11DE38}.Debug|x64.ActiveCfg = Debug|x64
		{766EBEB3-9A37-49C8-8973-8A225F11DE38}.Debug|x64.Build.0 = Debug|x64
		{766EBEB3-9A37-49C8-8973-8A225F11DE38}.Debug|x86.ActiveCfg = Debug|Win32
		{766EBEB3-9A37-49C8-8973-8A225F11DE38}.Debug|x86.Build.0 = Debug|Win32
		{766EBEB3-9A37-49C8-8973-8A225F11DE38}.Release|x64.ActiveCfg = Release|x64
		{766EBEB3-9A37-49C8-8973-8A225F11DE38}.Release|x64.Build.0 = Release|x64
		{766EBEB3-9A37-49C8-8973-8A225F11DE38}.Release|x86.ActiveCfg = Release|Win32
		{766EBEB3-9A37-49C8-8973-8A225F11DE38}.Release|x86.Build.0 = Release|Win32
		{C70356C4-A3A0-4BEE-B36B-DC6E20ADE167}.Debug|x64.ActiveCfg = Debug|x64
		{C70356C4-A3A0-4BEE-B36B-DC6E20ADE167}.Debug|x64.Build.0 = Debug|x64
		{C70356C4-A3A0-4BEE-B36B-DC6E20ADE167}.Debug|x86.ActiveCfg = Debug|Win32
		{C70356C4-A3A0-4BEE-B36B-DC6E20ADE167}.Debug|x86.Build.0 = Debug|Win32
		{C70356C4-A3A0-4BEE-B36B-DC6E20ADE167}.Release|x64.ActiveCfg = Release|x64
		{C70356C4-A3A0-4BEE-B36B-DC6E20ADE167}.Release|x64.Build.0 = Release|x64
		{C70356C4-A3A0-4BEE-B36B-DC6E20ADE167}.Release|x86.ActiveCfg = Release|Win32
		{C70356C4-A3A0-4BEE-B36B-DC6E20ADE167}.Release|x86.Build.0 = Release|Win32
		{C0DA8BDA-4EAE-456A-AC5D-4FD9CA30DDA7}.Debug|x64.ActiveCfg = Debug|x64
		{C0DA8BDA-4EAE-456A-AC5D-4FD9CA30DDA7}.Debug|x64.Build.0 = Debug|x64
		{C0DA8BDA-4EAE-456A-AC5D-4FD9CA30DDA7}.Debug|x86.ActiveCfg = Debug|Win32
		{C0DA8BDA-4EAE-456A-AC5D-4FD9CA30DDA7}.Debug|x86.Build.0 = Debug|Win32
		{C0DA8BDA-4EAE-456A-AC5D-4FD9CA30DDA7}.Release|x64.ActiveCfg = Release|x64
		{C0DA8BDA-4EAE-456A-AC5D-4FD9CA30DDA7}.Release|x64.Build.0 = Release|x64
		{C0DA8BDA-4EAE-456A-AC5D-4FD9CA30DDA7}.Release|x86.ActiveCfg = Release|Win32
		{C0DA8BDA-4EAE-456A-AC5D-4FD9CA30DDA7}.Release|x86.Build.0 = Release|Win32
	EndGlobalSection
	GlobalSection(SolutionProperties) = preSolution
		HideSolutionNode = FALSE
	EndGlobalSection
	GlobalSection(ExtensibilityGlobals) = postSolution
		SolutionGuid = {CA1B0B30-30B3-4B04-AD64-65C194B5E4B0}
	EndGlobalSection
EndGlobal
